# This file is generated by running "yarn install" inside your project.
# Manual changes might be lost - proceed with caution!

__metadata:
  version: 6
  cacheKey: 8

"asap@npm:~2.0.3":
  version: 2.0.6
  resolution: "asap@npm:2.0.6"
  checksum: b296c92c4b969e973260e47523207cd5769abd27c245a68c26dc7a0fe8053c55bb04360237cb51cab1df52be939da77150ace99ad331fb7fb13b3423ed73ff3d
  languageName: node
  linkType: hard

"boolbase@npm:^1.0.0":
  version: 1.0.0
  resolution: "boolbase@npm:1.0.0"
  checksum: 3e25c80ef626c3a3487c73dbfc70ac322ec830666c9ad915d11b701142fab25ec1e63eff2c450c74347acfd2de854ccde865cd79ef4db1683f7c7b046ea43bb0
  languageName: node
  linkType: hard

"cheerio-select@npm:^2.1.0":
  version: 2.1.0
  resolution: "cheerio-select@npm:2.1.0"
  dependencies:
    boolbase: ^1.0.0
    css-select: ^5.1.0
    css-what: ^6.1.0
    domelementtype: ^2.3.0
    domhandler: ^5.0.3
    domutils: ^3.0.1
  checksum: 843d6d479922f28a6c5342c935aff1347491156814de63c585a6eb73baf7bb4185c1b4383a1195dca0f12e3946d737c7763bcef0b9544c515d905c5c44c5308b
  languageName: node
  linkType: hard

"cheerio@npm:1.0.0":
  version: 1.0.0
  resolution: "cheerio@npm:1.0.0"
  dependencies:
    cheerio-select: ^2.1.0
    dom-serializer: ^2.0.0
    domhandler: ^5.0.3
    domutils: ^3.1.0
    encoding-sniffer: ^0.2.0
    htmlparser2: ^9.1.0
    parse5: ^7.1.2
    parse5-htmlparser2-tree-adapter: ^7.0.0
    parse5-parser-stream: ^7.1.2
    undici: ^6.19.5
    whatwg-mimetype: ^4.0.0
  checksum: ade4344811dcad5b5d78392506ef6bab1900c13a65222c869e745a38370d287f4b94838ac6d752883a84d937edb62b5bd0deaf70e6f38054acbfe3da4881574a
  languageName: node
  linkType: hard

"coffee-script@npm:^1.10.0, coffee-script@npm:^1.12.4":
  version: 1.12.7
  resolution: "coffee-script@npm:1.12.7"
  bin:
    cake: ./bin/cake
    coffee: ./bin/coffee
  checksum: cce8dd15eda581c4c990aefcb0c8b1973713bae6b905baa5916de60e11bdc497fca68c119df20dff72b77c48e871f1bff200b61053526035a64b993b76a90d71
  languageName: node
  linkType: hard

"cson-parser@npm:^1.3.4":
  version: 1.3.5
  resolution: "cson-parser@npm:1.3.5"
  dependencies:
    coffee-script: ^1.10.0
  checksum: e54cbbc6fc0e52bc9a1114fdb940b2548cc4bc033ef91c3d2601800766e2b47f680f39c943952dee20dba9e853703cc510fb5385d8fdf91ea3f15ca143bcc1af
  languageName: node
  linkType: hard

"cson@npm:~4.1.0":
  version: 4.1.0
  resolution: "cson@npm:4.1.0"
  dependencies:
    coffee-script: ^1.12.4
    cson-parser: ^1.3.4
    extract-opts: ^3.3.1
    requirefresh: ^2.1.0
    safefs: ^4.1.0
  bin:
    cson2json: bin/cson2json
    json2cson: bin/json2cson
  checksum: 7e3a59a457388b2d3a879bc29628e11361164de8b7cc2e24aaccd531b9efe3300af9a231ebd3523f30bad4f41ec409b8fc4aa0d60a83ea35ce82bf9c031cfe91
  languageName: node
  linkType: hard

"css-select@npm:^5.1.0":
  version: 5.1.0
  resolution: "css-select@npm:5.1.0"
  dependencies:
    boolbase: ^1.0.0
    css-what: ^6.1.0
    domhandler: ^5.0.2
    domutils: ^3.0.1
    nth-check: ^2.0.1
  checksum: 2772c049b188d3b8a8159907192e926e11824aea525b8282981f72ba3f349cf9ecd523fdf7734875ee2cb772246c22117fc062da105b6d59afe8dcd5c99c9bda
  languageName: node
  linkType: hard

"css-what@npm:^6.1.0":
  version: 6.1.0
  resolution: "css-what@npm:6.1.0"
  checksum: b975e547e1e90b79625918f84e67db5d33d896e6de846c9b584094e529f0c63e2ab85ee33b9daffd05bff3a146a1916bec664e18bb76dd5f66cbff9fc13b2bbe
  languageName: node
  linkType: hard

"dom-serializer@npm:^2.0.0":
  version: 2.0.0
  resolution: "dom-serializer@npm:2.0.0"
  dependencies:
    domelementtype: ^2.3.0
    domhandler: ^5.0.2
    entities: ^4.2.0
  checksum: cd1810544fd8cdfbd51fa2c0c1128ec3a13ba92f14e61b7650b5de421b88205fd2e3f0cc6ace82f13334114addb90ed1c2f23074a51770a8e9c1273acbc7f3e6
  languageName: node
  linkType: hard

"domelementtype@npm:^2.3.0":
  version: 2.3.0
  resolution: "domelementtype@npm:2.3.0"
  checksum: ee837a318ff702622f383409d1f5b25dd1024b692ef64d3096ff702e26339f8e345820f29a68bcdcea8cfee3531776b3382651232fbeae95612d6f0a75efb4f6
  languageName: node
  linkType: hard

"domhandler@npm:^5.0.2, domhandler@npm:^5.0.3":
  version: 5.0.3
  resolution: "domhandler@npm:5.0.3"
  dependencies:
    domelementtype: ^2.3.0
  checksum: 0f58f4a6af63e6f3a4320aa446d28b5790a009018707bce2859dcb1d21144c7876482b5188395a188dfa974238c019e0a1e610d2fc269a12b2c192ea2b0b131c
  languageName: node
  linkType: hard

"domutils@npm:^3.0.1, domutils@npm:^3.1.0":
  version: 3.1.0
  resolution: "domutils@npm:3.1.0"
  dependencies:
    dom-serializer: ^2.0.0
    domelementtype: ^2.3.0
    domhandler: ^5.0.3
  checksum: e5757456ddd173caa411cfc02c2bb64133c65546d2c4081381a3bafc8a57411a41eed70494551aa58030be9e58574fcc489828bebd673863d39924fb4878f416
  languageName: node
  linkType: hard

"eachr@npm:^3.2.0":
  version: 3.2.0
  resolution: "eachr@npm:3.2.0"
  dependencies:
    editions: ^1.1.1
    typechecker: ^4.3.0
  checksum: 091ad725a986d45f1c33fd2724ba4efe821a3a5f01540baea3fce9b6d61519010ab0928825e6b3c3946986d326859f05c9234a4dad40960c7edf3c2c90ff52e4
  languageName: node
  linkType: hard

"editions@npm:^1.1.1":
  version: 1.3.4
  resolution: "editions@npm:1.3.4"
  checksum: 8c2041459816db2cacac53598a9bca7928a7de2c5eb0dae532c2273a60ef83acbd807ce33ff1cd5cf7aa547737c55f7f4b52436752df0f13f5936efa329c13f7
  languageName: node
  linkType: hard

"editions@npm:^2.1.0, editions@npm:^2.1.2, editions@npm:^2.1.3":
  version: 2.1.3
  resolution: "editions@npm:2.1.3"
  dependencies:
    errlop: ^1.1.1
    semver: ^5.6.0
  checksum: aae293147fc5ac3309076479b01bad924e2eba92e6880d17eebd0e1d730672ccd608cc06a20eca913f41ca80e38e099b3005957ac37a4766c0dd57ea59ded985
  languageName: node
  linkType: hard

"encoding-sniffer@npm:^0.2.0":
  version: 0.2.0
  resolution: "encoding-sniffer@npm:0.2.0"
  dependencies:
    iconv-lite: ^0.6.3
    whatwg-encoding: ^3.1.1
  checksum: 05ad76b674066e62abc80427eb9e89ecf5ed50f4d20c392f7465992d309215687e3ae1ae8b5d5694fb258f4517c759694c3b413d6c724e1024e1cf98750390eb
  languageName: node
  linkType: hard

"entities@npm:^4.2.0, entities@npm:^4.4.0, entities@npm:^4.5.0":
  version: 4.5.0
  resolution: "entities@npm:4.5.0"
  checksum: 853f8ebd5b425d350bffa97dd6958143179a5938352ccae092c62d1267c4e392a039be1bae7d51b6e4ffad25f51f9617531fedf5237f15df302ccfb452cbf2d7
  languageName: node
  linkType: hard

"errlop@npm:^1.1.1":
  version: 1.1.1
  resolution: "errlop@npm:1.1.1"
  dependencies:
    editions: ^2.1.2
  checksum: 11dd9da050c71eea5ba604246e9efed16a002868a531aec1f9c11f6e58f5167a170f786f5996614c1139306e20898464e8b2b8208a4dfc2046b0b81ae2ee792b
  languageName: node
  linkType: hard

"extract-opts@npm:^3.3.1":
  version: 3.3.1
  resolution: "extract-opts@npm:3.3.1"
  dependencies:
    eachr: ^3.2.0
    editions: ^1.1.1
    typechecker: ^4.3.0
  checksum: 652160b69f6297c464955cbfcf3f6fa2d3a90e81a0fad997cb5374394ea4318681fb81fa28456182ead0f89302e208e98951f8e0c5a981867c0e09b7f0fb693c
  languageName: node
  linkType: hard

"graceful-fs@npm:^4.1.4":
  version: 4.2.0
  resolution: "graceful-fs@npm:4.2.0"
  checksum: 7e605b03dc8a4b5296fd52e7b999f12f8d7e7cc32975dd78721ceac0b43086f0a42174f491cd0eab1bbc52f6807b275436a9cdc98063e4a48f0611cc802b49a6
  languageName: node
  linkType: hard

"htmlparser2@npm:^9.1.0":
  version: 9.1.0
  resolution: "htmlparser2@npm:9.1.0"
  dependencies:
    domelementtype: ^2.3.0
    domhandler: ^5.0.3
    domutils: ^3.1.0
    entities: ^4.5.0
  checksum: e5f8d5193967e4a500226f37bdf2c0f858cecb39dde14d0439f24bf2c461a4342778740d988fbaba652b0e4cb6052f7f2e99e69fc1a329a86c629032bb76e7c8
  languageName: node
  linkType: hard

"iconv-lite@npm:0.6.3, iconv-lite@npm:^0.6.3":
  version: 0.6.3
  resolution: "iconv-lite@npm:0.6.3"
  dependencies:
    safer-buffer: ">= 2.1.2 < 3.0.0"
  checksum: 3f60d47a5c8fc3313317edfd29a00a692cc87a19cac0159e2ce711d0ebc9019064108323b5e493625e25594f11c6236647d8e256fbe7a58f4a3b33b89e6d30bf
  languageName: node
  linkType: hard

"long@npm:^3.2.0":
  version: 3.2.0
  resolution: "long@npm:3.2.0"
  checksum: bc27bdeab42cb2f25d0a0faf5fbf77b657bd59236ae0ed649c44f91f35e632230ebd0c62d208bb4e9c69ca558a45e9c9c0810e6b5c0380a1754b8f3b5b7b62d7
  languageName: node
  linkType: hard

"npm-yarn@workspace:.":
  version: 0.0.0-use.local
  resolution: "npm-yarn@workspace:."
  dependencies:
    cheerio: 1.0.0
    cson: ~4.1.0
    long: ^3.2.0
    promise: ~7.3.1
  dependenciesMeta:
    promise:
      optional: true
  languageName: unknown
  linkType: soft

"nth-check@npm:^2.0.1":
  version: 2.1.1
  resolution: "nth-check@npm:2.1.1"
  dependencies:
    boolbase: ^1.0.0
  checksum: 5afc3dafcd1573b08877ca8e6148c52abd565f1d06b1eb08caf982e3fa289a82f2cae697ffb55b5021e146d60443f1590a5d6b944844e944714a5b549675bcd3
  languageName: node
  linkType: hard

"parse5-htmlparser2-tree-adapter@npm:^7.0.0":
  version: 7.0.0
  resolution: "parse5-htmlparser2-tree-adapter@npm:7.0.0"
  dependencies:
    domhandler: ^5.0.2
    parse5: ^7.0.0
  checksum: fc5d01e07733142a1baf81de5c2a9c41426c04b7ab29dd218acb80cd34a63177c90aff4a4aee66cf9f1d0aeecff1389adb7452ad6f8af0a5888e3e9ad6ef733d
  languageName: node
  linkType: hard

"parse5-parser-stream@npm:^7.1.2":
  version: 7.1.2
  resolution: "parse5-parser-stream@npm:7.1.2"
  dependencies:
    parse5: ^7.0.0
  checksum: 75b232d460bce6bd0e35012750a78ef034f40ccf550b7c6cec3122395af6b4553202ad3663ad468cf537ead5a2e13b6727670395fd0ff548faccad1dc2dc93cf
  languageName: node
  linkType: hard

"parse5@npm:^7.0.0, parse5@npm:^7.1.2":
  version: 7.1.2
  resolution: "parse5@npm:7.1.2"
  dependencies:
    entities: ^4.4.0
  checksum: 59465dd05eb4c5ec87b76173d1c596e152a10e290b7abcda1aecf0f33be49646ea74840c69af975d7887543ea45564801736356c568d6b5e71792fd0f4055713
  languageName: node
  linkType: hard

"promise@npm:~7.3.1":
  version: 7.3.1
  resolution: "promise@npm:7.3.1"
  dependencies:
    asap: ~2.0.3
  checksum: 475bb069130179fbd27ed2ab45f26d8862376a137a57314cf53310bdd85cc986a826fd585829be97ebc0aaf10e9d8e68be1bfe5a4a0364144b1f9eedfa940cf1
  languageName: node
  linkType: hard

"requirefresh@npm:^2.1.0":
  version: 2.2.0
  resolution: "requirefresh@npm:2.2.0"
  dependencies:
    editions: ^2.1.3
  checksum: 227b9875431c6a254e17ed401dc7f92737db43510455f81364300db16db7a9274696787734e696981b425727d30faa556c49d04ced31e40ca65f9a7eae9762b1
  languageName: node
  linkType: hard

"safefs@npm:^4.1.0":
  version: 4.1.0
  resolution: "safefs@npm:4.1.0"
  dependencies:
    editions: ^1.1.1
    graceful-fs: ^4.1.4
  checksum: f83ac2d613f5a1695ab9deccb04d5238b1366853c9df0a353d7bacd7ec0959d252959eaf73a423afdfb418079ac250dc95024e9d8872c96c829cb8118537cf17
  languageName: node
  linkType: hard

"safer-buffer@npm:>= 2.1.2 < 3.0.0":
  version: 2.1.2
  resolution: "safer-buffer@npm:2.1.2"
  checksum: cab8f25ae6f1434abee8d80023d7e72b598cf1327164ddab31003c51215526801e40b66c5e65d658a0af1e9d6478cadcb4c745f4bd6751f97d8644786c0978b0
  languageName: node
  linkType: hard

"semver@npm:^5.6.0":
  version: 5.7.0
  resolution: "semver@npm:5.7.0"
  bin:
    semver: ./bin/semver
  checksum: 25d150834511d12ae0c1a0f012f294cb176b1497534c51c5ebb6209b7e8ab3845c6df4f1c078921487e6bcfcf0abd56ffdcabf38ef26d4e1bd93fdca0762cae4
  languageName: node
  linkType: hard

"typechecker@npm:^4.3.0":
  version: 4.7.0
  resolution: "typechecker@npm:4.7.0"
  dependencies:
    editions: ^2.1.0
  checksum: ea0aa32bd8808b10c5297fb8a547706ec411c65a00917dd0f981022b666aed1fbaa81f75744571efe3fcb5a04a1a1f87b8a7a7789b5436eb066aba5960916540
  languageName: node
  linkType: hard

"undici@npm:^6.19.5":
  version: 6.19.7
  resolution: "undici@npm:6.19.7"
  checksum: ccf7f311cc2f7109e03c433190cb13d45c581905a70674992b0d8469c36ec1ae011824f41ba0c4a85b9771e4dd30a94228315c316215f76fafcb8e3b91ffbc22
  languageName: node
  linkType: hard

"whatwg-encoding@npm:^3.1.1":
  version: 3.1.1
  resolution: "whatwg-encoding@npm:3.1.1"
  dependencies:
    iconv-lite: 0.6.3
  checksum: f75a61422421d991e4aec775645705beaf99a16a88294d68404866f65e92441698a4f5b9fa11dd609017b132d7b286c3c1534e2de5b3e800333856325b549e3c
  languageName: node
  linkType: hard

"whatwg-mimetype@npm:^4.0.0":
  version: 4.0.0
  resolution: "whatwg-mimetype@npm:4.0.0"
  checksum: f97edd4b4ee7e46a379f3fb0e745de29fe8b839307cc774300fd49059fcdd560d38cb8fe21eae5575b8f39b022f23477cc66e40b0355c2851ce84760339cef30
  languageName: node
  linkType: hard
